schema: '2.0'
stages:
  water:
    cmd: zntrack run ipsuite.data_loading.add_data_h5md.AddDataH5MD --name water
    deps:
    - path: data/water.h5
      hash: md5
      md5: 7b1c86b6ad88c9e413809b907c103d5b
      size: 3664392
    outs:
    - path: nodes/water/node-meta.json
      hash: md5
      md5: f9dfeb307fd1766cb3a702819138c04a
      size: 64
  BMIM_BF4_363_15K:
    cmd: zntrack run ipsuite.data_loading.add_data_ase.AddData --name BMIM_BF4_363_15K
    deps:
    - path: data/BMIM_BF4_363_15K.extxyz
      hash: md5
      md5: 5e5c8572ec2742c248c8bd8dc0ac95a2
      size: 950298
    params:
      params.yaml:
        BMIM_BF4_363_15K:
          lines_to_read:
    outs:
    - path: nodes/BMIM_BF4_363_15K/frames.h5
      hash: md5
      md5: 7e89040bb5f879421a3e17f155dd591f
      size: 489002
    - path: nodes/BMIM_BF4_363_15K/node-meta.json
      hash: md5
      md5: 8c41b90f3ed9515bc3bf927bd1c9a973
      size: 64
  gromacs_Smiles2Gromacs:
    cmd: zntrack run ipsuite.configuration_generation.gmx.Smiles2Gromacs --name gromacs_Smiles2Gromacs
    deps:
    - path: config/gromacs/gmx_md.mdp
      hash: md5
      md5: 417a751a8437ce44e2a2373e12de3abe
      size: 1787
    params:
      params.yaml:
        gromacs_Smiles2Gromacs:
          cleanup: true
          count:
          - 16
          - 16
          density: 0.9
          fudgeLJ: 1.0
          fudgeQQ: 1.0
          labels:
          - Imx
          - BFx
          production_indices:
          - 1
          smiles:
          - CCCCN1C=C[N+](=C1)C
          - CC(=O)[O-]
          tolerance: 2.0
      config/gromacs/gmx_em.yaml:
        DispCorr: no
        coulombtype: PME
        cutoff-scheme: Verlet
        integrator: steep
        nsteps: 100
        nstlist: 20
        nstxout: 2
        pbc: xyz
        rcoulomb: 0.5
        rlist: 0.5
        rvdw: 0.5
        rvdw-switch: 0.4
        vdw-modifier: force-switch
        vdw-type: cutoff
    outs:
    - path: nodes/gromacs/Smiles2Gromacs/gromacs
      hash: md5
      md5: 915ed4325d252ce4b1443b2fd29e7898.dir
      size: 363
      nfiles: 1
    - path: nodes/gromacs/Smiles2Gromacs/node-meta.json
      hash: md5
      md5: 05e4b5d46d92eb8d5550690b8c2a942d
      size: 64
    - path: nodes/gromacs/Smiles2Gromacs/structures.h5
      hash: md5
      md5: 70744b3d186070027d5b6e1617dbe453
      size: 809358
  pack_Smiles2Conformers:
    cmd: zntrack run ipsuite.configuration_generation.smiles_to_atoms.Smiles2Conformers
      --name pack_Smiles2Conformers
    params:
      params.yaml:
        pack_Smiles2Conformers:
          cell: 100
          maxAttempts: 1000
          numConfs: 10
          seed: 42
          smiles: CCO
    outs:
    - path: nodes/pack/Smiles2Conformers/frames.h5
      hash: md5
      md5: e537791cf5cb5b014e44075e30f42d37
      size: 38716
    - path: nodes/pack/Smiles2Conformers/node-meta.json
      hash: md5
      md5: 4156424dbafdf4da8457aef81fe76986
      size: 64
  pack_MultiPackmol:
    cmd: zntrack run ipsuite.configuration_generation.packmol.MultiPackmol --name
      pack_MultiPackmol
    deps:
    - path: nodes/pack/Smiles2Conformers/frames.h5
      hash: md5
      md5: e537791cf5cb5b014e44075e30f42d37
      size: 38716
    params:
      params.yaml:
        pack_MultiPackmol:
          count:
          - 16
          data_ids:
          density: 800
          n_configurations: 10
          pbc: true
          seed: 42
          tolerance: 2.0
    outs:
    - path: nodes/pack/MultiPackmol/frames.h5
      hash: md5
      md5: efb4a11bf30114d519c84ebbd9e600ae
      size: 94152
    - path: nodes/pack/MultiPackmol/node-meta.json
      hash: md5
      md5: 7a8c5940eb4f76e326ba4bcc18763cac
      size: 64
